
Microsoft Visual Studio Solution File, Format Version 12.00
# Visual Studio 2013
VisualStudioVersion = 12.0.40629.0
MinimumVisualStudioVersion = 10.0.40219.1
Project("{2150E333-8FDC-42A3-9474-1A3956D46DE8}") = "Test", "Test", "{E1868D40-6E6A-43B6-9263-825417FA35F1}"
EndProject
Project("{FAE04EC0-301F-11D3-BF4B-00C04F79EFBC}") = "UnitTest", "Test\UnitTest\UnitTest.csproj", "{6138676F-C40C-4524-B151-C77B97D9237D}"
EndProject
Project("{2150E333-8FDC-42A3-9474-1A3956D46DE8}") = "Solution Items", "Solution Items", "{317A3B0A-FFF8-48F7-B3E6-6FBDEBF5E27C}"
	ProjectSection(SolutionItems) = preProject
		README.md = README.md
	EndProjectSection
EndProject
Project("{2150E333-8FDC-42A3-9474-1A3956D46DE8}") = "Db", "Db", "{9D922CD2-B9F7-4CD3-9A2F-BDFF2ACBEFA9}"
EndProject
Project("{2150E333-8FDC-42A3-9474-1A3956D46DE8}") = "Scripts", "Scripts", "{C22F9116-B9B3-4262-A5C7-C68A6234AD1F}"
	ProjectSection(SolutionItems) = preProject
		Db\Scripts\001.Database.sql = Db\Scripts\001.Database.sql
		Db\Scripts\002.Tables.sql = Db\Scripts\002.Tables.sql
		Db\Scripts\003.Data.sql = Db\Scripts\003.Data.sql
	EndProjectSection
EndProject
Global
	GlobalSection(SolutionConfigurationPlatforms) = preSolution
		Debug|Any CPU = Debug|Any CPU
		Release|Any CPU = Release|Any CPU
	EndGlobalSection
	GlobalSection(ProjectConfigurationPlatforms) = postSolution
		{6138676F-C40C-4524-B151-C77B97D9237D}.Debug|Any CPU.ActiveCfg = Debug|Any CPU
		{6138676F-C40C-4524-B151-C77B97D9237D}.Debug|Any CPU.Build.0 = Debug|Any CPU
		{6138676F-C40C-4524-B151-C77B97D9237D}.Release|Any CPU.ActiveCfg = Release|Any CPU
		{6138676F-C40C-4524-B151-C77B97D9237D}.Release|Any CPU.Build.0 = Release|Any CPU
	EndGlobalSection
	GlobalSection(SolutionProperties) = preSolution
		HideSolutionNode = FALSE
	EndGlobalSection
	GlobalSection(NestedProjects) = preSolution
		{6138676F-C40C-4524-B151-C77B97D9237D} = {E1868D40-6E6A-43B6-9263-825417FA35F1}
		{C22F9116-B9B3-4262-A5C7-C68A6234AD1F} = {9D922CD2-B9F7-4CD3-9A2F-BDFF2ACBEFA9}
	EndGlobalSection
EndGlobal
